lockfileVersion: '9.0'

settings:
  autoInstallPeers: true
  excludeLinksFromLockfile: false

importers:

  .:
    dependencies:
      '@deessejs/functions':
        specifier: ^0.0.13
        version: 0.0.13
      zod:
        specifier: ^4.1.12
        version: 4.1.12

packages:

  '@deessejs/functions@0.0.13':
    resolution: {integrity: sha512-6Bc0KIo/OgZP7VdDEApCYNgHNzW1GC09lSzmUOpW2WaUNW+xHXTdE+u2qvN+XqvAhKwLlv/9m6Zt1UyWKzuVnA==}
    engines: {node: '>=16.0.0'}

  zod@4.1.12:
    resolution: {integrity: sha512-JInaHOamG8pt5+Ey8kGmdcAcg3OL9reK8ltczgHTAwNhMys/6ThXHityHxVV2p3fkw/c+MAvBHFVYHFZDmjMCQ==}

snapshots:

  '@deessejs/functions@0.0.13':
    dependencies:
      zod: 4.1.12

  zod@4.1.12: {}
