lockfileVersion: '9.0'

settings:
  autoInstallPeers: true
  excludeLinksFromLockfile: false

importers:

  .:
    dependencies:
      '@deessejs/functions':
        specifier: ^0.0.6
        version: 0.0.6
      zod:
        specifier: ^4.1.12
        version: 4.1.12

packages:

  '@deessejs/functions@0.0.6':
    resolution: {integrity: sha512-y4XI33q3bi6EYufSLU5Yqi1j9bnRdlOVedyzSII4M1gX240i1GXKL52X8wQsAf6YKf99qKHt50cTh0R3gBb+Eg==}
    engines: {node: '>=16.0.0'}

  zod@4.1.12:
    resolution: {integrity: sha512-JInaHOamG8pt5+Ey8kGmdcAcg3OL9reK8ltczgHTAwNhMys/6ThXHityHxVV2p3fkw/c+MAvBHFVYHFZDmjMCQ==}

snapshots:

  '@deessejs/functions@0.0.6':
    dependencies:
      zod: 4.1.12

  zod@4.1.12: {}
